
Microsoft Visual Studio Solution File, Format Version 12.00
# Visual Studio Express 2013 for Windows Desktop
VisualStudioVersion = 12.0.30915.1
MinimumVisualStudioVersion = 10.0.40219.1
Project("{8BC9CEB8-8B4A-11D0-8D11-00A0C91BC942}") = "Ten-LAN2013", "Ten-LAN2013.vcxproj", "{DE074DB1-56EC-4846-B02C-B5D36AC1FEA1}"
EndProject
Global
	GlobalSection(SolutionConfigurationPlatforms) = preSolution
		Debug|Win32 = Debug|Win32
		Release|Win32 = Release|Win32
	EndGlobalSection
	GlobalSection(ProjectConfigurationPlatforms) = postSolution
		{DE074DB1-56EC-4846-B02C-B5D36AC1FEA1}.Debug|Win32.ActiveCfg = Debug|Win32
		{DE074DB1-56EC-4846-B02C-B5D36AC1FEA1}.Debug|Win32.Build.0 = Debug|Win32
		{DE074DB1-56EC-4846-B02C-B5D36AC1FEA1}.Release|Win32.ActiveCfg = Release|Win32
		{DE074DB1-56EC-4846-B02C-B5D36AC1FEA1}.Release|Win32.Build.0 = Release|Win32
	EndGlobalSection
	GlobalSection(SolutionProperties) = preSolution
		HideSolutionNode = FALSE
	EndGlobalSection
EndGlobal
