<?xml version="1.0" encoding="utf-8"?>
<Project ToolsVersion="4.0" xmlns="http://schemas.microsoft.com/developer/msbuild/2003">
  <ItemGroup>
    <Filter Include="ソース">
      <UniqueIdentifier>{65502ced-7e97-4eb1-ac5b-d37b26203b05}</UniqueIdentifier>
      <Extensions>cpp;c;cc;cxx;def;odl;idl;hpj;bat;asm;asmx</Extensions>
    </Filter>
    <Filter Include="ヘッダー">
      <UniqueIdentifier>{72c42d69-10c6-44a1-89b7-1ff9fbeecaf6}</UniqueIdentifier>
      <Extensions>h;hpp;hxx;hm;inl;inc;xsd</Extensions>
    </Filter>
    <Filter Include="リソース">
      <UniqueIdentifier>{a8bd00e5-9c9c-4c86-80a7-2b561fc68698}</UniqueIdentifier>
      <Extensions>rc;ico;cur;bmp;dlg;rc2;rct;bin;rgs;gif;jpg;jpeg;jpe;resx;tiff;tif;png;wav</Extensions>
    </Filter>
  </ItemGroup>
  <ItemGroup>
    <Image Include="icon.ico">
      <Filter>リソース</Filter>
    </Image>
  </ItemGroup>
  <ItemGroup>
    <ResourceCompile Include="resource.rc">
      <Filter>リソース</Filter>
    </ResourceCompile>
  </ItemGroup>
  <ItemGroup>
    <Text Include="LICENSE.txt" />
  </ItemGroup>
  <ItemGroup>
    <ClCompile Include="TenLAN.cpp">
      <Filter>ソース</Filter>
    </ClCompile>
    <ClCompile Include="Ten-LAN_Main.cpp">
      <Filter>ソース</Filter>
    </ClCompile>
    <ClCompile Include="common.cpp">
      <Filter>ソース</Filter>
    </ClCompile>
    <ClCompile Include="UI\HirokiMetro.cpp">
      <Filter>ソース</Filter>
    </ClCompile>
  </ItemGroup>
  <ItemGroup>
    <ClInclude Include="Ten-LAN.h">
      <Filter>ヘッダー</Filter>
    </ClInclude>
    <ClInclude Include="common.h">
      <Filter>ヘッダー</Filter>
    </ClInclude>
    <ClInclude Include="UI\UI.h">
      <Filter>ヘッダー</Filter>
    </ClInclude>
    <ClInclude Include="UIBase.h">
      <Filter>ヘッダー</Filter>
    </ClInclude>
  </ItemGroup>
</Project>